
Microsoft Visual Studio Solution File, Format Version 12.00
# Visual Studio Version 17
VisualStudioVersion = 17.0.32014.148
MinimumVisualStudioVersion = 10.0.40219.1
Project("{FAE04EC0-301F-11D3-BF4B-00C04F79EFBC}") = "WeatherWithAPI", "WeatherWithAPI\WeatherWithAPI.csproj", "{8171E411-0C10-4186-B7DB-15B910389381}"
EndProject
Global
	GlobalSection(SolutionConfigurationPlatforms) = preSolution
		Debug|Any CPU = Debug|Any CPU
		Release|Any CPU = Release|Any CPU
	EndGlobalSection
	GlobalSection(ProjectConfigurationPlatforms) = postSolution
		{8171E411-0C10-4186-B7DB-15B910389381}.Debug|Any CPU.ActiveCfg = Debug|Any CPU
		{8171E411-0C10-4186-B7DB-15B910389381}.Debug|Any CPU.Build.0 = Debug|Any CPU
		{8171E411-0C10-4186-B7DB-15B910389381}.Release|Any CPU.ActiveCfg = Release|Any CPU
		{8171E411-0C10-4186-B7DB-15B910389381}.Release|Any CPU.Build.0 = Release|Any CPU
	EndGlobalSection
	GlobalSection(SolutionProperties) = preSolution
		HideSolutionNode = FALSE
	EndGlobalSection
	GlobalSection(ExtensibilityGlobals) = postSolution
		SolutionGuid = {8D7868C3-8F76-4457-9ECA-C149D4CEB5B6}
	EndGlobalSection
EndGlobal
